
Microsoft Visual Studio Solution File, Format Version 12.00
# Visual Studio Version 17
VisualStudioVersion = 17.8.34212.112
MinimumVisualStudioVersion = 10.0.40219.1
Project("{FAE04EC0-301F-11D3-BF4B-00C04F79EFBC}") = "numerkupdovn özelliği", "numerkupdovn özelliği\numerkupdovn özelliği.csproj", "{94BE0D51-9A6C-49B9-A106-2382E40D5BBE}"
EndProject
Global
	GlobalSection(SolutionConfigurationPlatforms) = preSolution
		Debug|Any CPU = Debug|Any CPU
		Release|Any CPU = Release|Any CPU
	EndGlobalSection
	GlobalSection(ProjectConfigurationPlatforms) = postSolution
		{94BE0D51-9A6C-49B9-A106-2382E40D5BBE}.Debug|Any CPU.ActiveCfg = Debug|Any CPU
		{94BE0D51-9A6C-49B9-A106-2382E40D5BBE}.Debug|Any CPU.Build.0 = Debug|Any CPU
		{94BE0D51-9A6C-49B9-A106-2382E40D5BBE}.Release|Any CPU.ActiveCfg = Release|Any CPU
		{94BE0D51-9A6C-49B9-A106-2382E40D5BBE}.Release|Any CPU.Build.0 = Release|Any CPU
	EndGlobalSection
	GlobalSection(SolutionProperties) = preSolution
		HideSolutionNode = FALSE
	EndGlobalSection
	GlobalSection(ExtensibilityGlobals) = postSolution
		SolutionGuid = {1C3EAE5D-E7F0-4041-9183-FF5E41B99443}
	EndGlobalSection
EndGlobal
