
Microsoft Visual Studio Solution File, Format Version 12.00
# Visual Studio Version 17
VisualStudioVersion = 17.8.34212.112
MinimumVisualStudioVersion = 10.0.40219.1
Project("{FAE04EC0-301F-11D3-BF4B-00C04F79EFBC}") = "urun_ucreti_hesaplama_form_ile", "urun_ucreti_hesaplama_form_ile\urun_ucreti_hesaplama_form_ile.csproj", "{92229CBE-5DEE-4164-9F8F-D8DA394DD2F1}"
EndProject
Global
	GlobalSection(SolutionConfigurationPlatforms) = preSolution
		Debug|Any CPU = Debug|Any CPU
		Release|Any CPU = Release|Any CPU
	EndGlobalSection
	GlobalSection(ProjectConfigurationPlatforms) = postSolution
		{92229CBE-5DEE-4164-9F8F-D8DA394DD2F1}.Debug|Any CPU.ActiveCfg = Debug|Any CPU
		{92229CBE-5DEE-4164-9F8F-D8DA394DD2F1}.Debug|Any CPU.Build.0 = Debug|Any CPU
		{92229CBE-5DEE-4164-9F8F-D8DA394DD2F1}.Release|Any CPU.ActiveCfg = Release|Any CPU
		{92229CBE-5DEE-4164-9F8F-D8DA394DD2F1}.Release|Any CPU.Build.0 = Release|Any CPU
	EndGlobalSection
	GlobalSection(SolutionProperties) = preSolution
		HideSolutionNode = FALSE
	EndGlobalSection
	GlobalSection(ExtensibilityGlobals) = postSolution
		SolutionGuid = {18B5E87A-368E-4E6E-8C10-6D33313E96DD}
	EndGlobalSection
EndGlobal
